// !$*UTF8*$!
{
	archiveVersion = 1;
	classes = {
	};
	objectVersion = 46;
	objects = {

/* Begin PBXBuildFile section */
		670021231E136EE4005A1414 /* AppDelegate.swift in Sources */ = {isa = PBXBuildFile; fileRef = 670021221E136EE4005A1414 /* AppDelegate.swift */; };
		670021251E136EE4005A1414 /* ViewController.swift in Sources */ = {isa = PBXBuildFile; fileRef = 670021241E136EE4005A1414 /* ViewController.swift */; };
		670021281E136EE4005A1414 /* Main.storyboard in Resources */ = {isa = PBXBuildFile; fileRef = 670021261E136EE4005A1414 /* Main.storyboard */; };
		6700212B1E136EE4005A1414 /* GreatAccountLol.xcdatamodeld in Sources */ = {isa = PBXBuildFile; fileRef = 670021291E136EE4005A1414 /* GreatAccountLol.xcdatamodeld */; };
		6700212D1E136EE4005A1414 /* Assets.xcassets in Resources */ = {isa = PBXBuildFile; fileRef = 6700212C1E136EE4005A1414 /* Assets.xcassets */; };
		670021301E136EE4005A1414 /* LaunchScreen.storyboard in Resources */ = {isa = PBXBuildFile; fileRef = 6700212E1E136EE4005A1414 /* LaunchScreen.storyboard */; };
		6700213B1E136EE4005A1414 /* GreatAccountLolTests.swift in Sources */ = {isa = PBXBuildFile; fileRef = 6700213A1E136EE4005A1414 /* GreatAccountLolTests.swift */; };
		670021461E136EE4005A1414 /* GreatAccountLolUITests.swift in Sources */ = {isa = PBXBuildFile; fileRef = 670021451E136EE4005A1414 /* GreatAccountLolUITests.swift */; };
/* End PBXBuildFile section */

/* Begin PBXContainerItemProxy section */
		670021371E136EE4005A1414 /* PBXContainerItemProxy */ = {
			isa = PBXContainerItemProxy;
			containerPortal = 670021171E136EE4005A1414 /* Project object */;
			proxyType = 1;
			remoteGlobalIDString = 6700211E1E136EE4005A1414;
			remoteInfo = GreatAccountLol;
		};
		670021421E136EE4005A1414 /* PBXContainerItemProxy */ = {
			isa = PBXContainerItemProxy;
			containerPortal = 670021171E136EE4005A1414 /* Project object */;
			proxyType = 1;
			remoteGlobalIDString = 6700211E1E136EE4005A1414;
			remoteInfo = GreatAccountLol;
		};
/* End PBXContainerItemProxy section */

/* Begin PBXFileReference section */
		6700211F1E136EE4005A1414 /* GreatAccountLol.app */ = {isa = PBXFileReference; explicitFileType = wrapper.application; includeInIndex = 0; path = GreatAccountLol.app; sourceTree = BUILT_PRODUCTS_DIR; };
		670021221E136EE4005A1414 /* AppDelegate.swift */ = {isa = PBXFileReference; lastKnownFileType = sourcecode.swift; path = AppDelegate.swift; sourceTree = "<group>"; };
		670021241E136EE4005A1414 /* ViewController.swift */ = {isa = PBXFileReference; lastKnownFileType = sourcecode.swift; path = ViewController.swift; sourceTree = "<group>"; };
		670021271E136EE4005A1414 /* Base */ = {isa = PBXFileReference; lastKnownFileType = file.storyboard; name = Base; path = Base.lproj/Main.storyboard; sourceTree = "<group>"; };
		6700212A1E136EE4005A1414 /* GreatAccountLol.xcdatamodel */ = {isa = PBXFileReference; lastKnownFileType = wrapper.xcdatamodel; path = GreatAccountLol.xcdatamodel; sourceTree = "<group>"; };
		6700212C1E136EE4005A1414 /* Assets.xcassets */ = {isa = PBXFileReference; lastKnownFileType = folder.assetcatalog; path = Assets.xcassets; sourceTree = "<group>"; };
		6700212F1E136EE4005A1414 /* Base */ = {isa = PBXFileReference; lastKnownFileType = file.storyboard; name = Base; path = Base.lproj/LaunchScreen.storyboard; sourceTree = "<group>"; };
		670021311E136EE4005A1414 /* Info.plist */ = {isa = PBXFileReference; lastKnownFileType = text.plist.xml; path = Info.plist; sourceTree = "<group>"; };
		670021361E136EE4005A1414 /* GreatAccountLolTests.xctest */ = {isa = PBXFileReference; explicitFileType = wrapper.cfbundle; includeInIndex = 0; path = GreatAccountLolTests.xctest; sourceTree = BUILT_PRODUCTS_DIR; };
		6700213A1E136EE4005A1414 /* GreatAccountLolTests.swift */ = {isa = PBXFileReference; lastKnownFileType = sourcecode.swift; path = GreatAccountLolTests.swift; sourceTree = "<group>"; };
		6700213C1E136EE4005A1414 /* Info.plist */ = {isa = PBXFileReference; lastKnownFileType = text.plist.xml; path = Info.plist; sourceTree = "<group>"; };
		670021411E136EE4005A1414 /* GreatAccountLolUITests.xctest */ = {isa = PBXFileReference; explicitFileType = wrapper.cfbundle; includeInIndex = 0; path = GreatAccountLolUITests.xctest; sourceTree = BUILT_PRODUCTS_DIR; };
		670021451E136EE4005A1414 /* GreatAccountLolUITests.swift */ = {isa = PBXFileReference; lastKnownFileType = sourcecode.swift; path = GreatAccountLolUITests.swift; sourceTree = "<group>"; };
		670021471E136EE4005A1414 /* Info.plist */ = {isa = PBXFileReference; lastKnownFileType = text.plist.xml; path = Info.plist; sourceTree = "<group>"; };
/* End PBXFileReference section */

/* Begin PBXFrameworksBuildPhase section */
		6700211C1E136EE4005A1414 /* Frameworks */ = {
			isa = PBXFrameworksBuildPhase;
			buildActionMask = 2147483647;
			files = (
			);
			runOnlyForDeploymentPostprocessing = 0;
		};
		670021331E136EE4005A1414 /* Frameworks */ = {
			isa = PBXFrameworksBuildPhase;
			buildActionMask = 2147483647;
			files = (
			);
			runOnlyForDeploymentPostprocessing = 0;
		};
		6700213E1E136EE4005A1414 /* Frameworks */ = {
			isa = PBXFrameworksBuildPhase;
			buildActionMask = 2147483647;
			files = (
			);
			runOnlyForDeploymentPostprocessing = 0;
		};
/* End PBXFrameworksBuildPhase section */

/* Begin PBXGroup section */
		670021161E136EE4005A1414 = {
			isa = PBXGroup;
			children = (
				670021211E136EE4005A1414 /* GreatAccountLol */,
				670021391E136EE4005A1414 /* GreatAccountLolTests */,
				670021441E136EE4005A1414 /* GreatAccountLolUITests */,
				670021201E136EE4005A1414 /* Products */,
			);
			sourceTree = "<group>";
		};
		670021201E136EE4005A1414 /* Products */ = {
			isa = PBXGroup;
			children = (
				6700211F1E136EE4005A1414 /* GreatAccountLol.app */,
				670021361E136EE4005A1414 /* GreatAccountLolTests.xctest */,
				670021411E136EE4005A1414 /* GreatAccountLolUITests.xctest */,
			);
			name = Products;
			sourceTree = "<group>";
		};
		670021211E136EE4005A1414 /* GreatAccountLol */ = {
			isa = PBXGroup;
			children = (
				670021221E136EE4005A1414 /* AppDelegate.swift */,
				670021241E136EE4005A1414 /* ViewController.swift */,
				670021261E136EE4005A1414 /* Main.storyboard */,
				6700212C1E136EE4005A1414 /* Assets.xcassets */,
				6700212E1E136EE4005A1414 /* LaunchScreen.storyboard */,
				670021311E136EE4005A1414 /* Info.plist */,
				670021291E136EE4005A1414 /* GreatAccountLol.xcdatamodeld */,
			);
			path = GreatAccountLol;
			sourceTree = "<group>";
		};
		670021391E136EE4005A1414 /* GreatAccountLolTests */ = {
			isa = PBXGroup;
			children = (
				6700213A1E136EE4005A1414 /* GreatAccountLolTests.swift */,
				6700213C1E136EE4005A1414 /* Info.plist */,
			);
			path = GreatAccountLolTests;
			sourceTree = "<group>";
		};
		670021441E136EE4005A1414 /* GreatAccountLolUITests */ = {
			isa = PBXGroup;
			children = (
				670021451E136EE4005A1414 /* GreatAccountLolUITests.swift */,
				670021471E136EE4005A1414 /* Info.plist */,
			);
			path = GreatAccountLolUITests;
			sourceTree = "<group>";
		};
/* End PBXGroup section */

/* Begin PBXNativeTarget section */
		6700211E1E136EE4005A1414 /* GreatAccountLol */ = {
			isa = PBXNativeTarget;
			buildConfigurationList = 6700214A1E136EE4005A1414 /* Build configuration list for PBXNativeTarget "GreatAccountLol" */;
			buildPhases = (
				6700211B1E136EE4005A1414 /* Sources */,
				6700211C1E136EE4005A1414 /* Frameworks */,
				6700211D1E136EE4005A1414 /* Resources */,
			);
			buildRules = (
			);
			dependencies = (
			);
			name = GreatAccountLol;
			productName = GreatAccountLol;
			productReference = 6700211F1E136EE4005A1414 /* GreatAccountLol.app */;
			productType = "com.apple.product-type.application";
		};
		670021351E136EE4005A1414 /* GreatAccountLolTests */ = {
			isa = PBXNativeTarget;
			buildConfigurationList = 6700214D1E136EE4005A1414 /* Build configuration list for PBXNativeTarget "GreatAccountLolTests" */;
			buildPhases = (
				670021321E136EE4005A1414 /* Sources */,
				670021331E136EE4005A1414 /* Frameworks */,
				670021341E136EE4005A1414 /* Resources */,
			);
			buildRules = (
			);
			dependencies = (
				670021381E136EE4005A1414 /* PBXTargetDependency */,
			);
			name = GreatAccountLolTests;
			productName = GreatAccountLolTests;
			productReference = 670021361E136EE4005A1414 /* GreatAccountLolTests.xctest */;
			productType = "com.apple.product-type.bundle.unit-test";
		};
		670021401E136EE4005A1414 /* GreatAccountLolUITests */ = {
			isa = PBXNativeTarget;
			buildConfigurationList = 670021501E136EE4005A1414 /* Build configuration list for PBXNativeTarget "GreatAccountLolUITests" */;
			buildPhases = (
				6700213D1E136EE4005A1414 /* Sources */,
				6700213E1E136EE4005A1414 /* Frameworks */,
				6700213F1E136EE4005A1414 /* Resources */,
			);
			buildRules = (
			);
			dependencies = (
				670021431E136EE4005A1414 /* PBXTargetDependency */,
			);
			name = GreatAccountLolUITests;
			productName = GreatAccountLolUITests;
			productReference = 670021411E136EE4005A1414 /* GreatAccountLolUITests.xctest */;
			productType = "com.apple.product-type.bundle.ui-testing";
		};
/* End PBXNativeTarget section */

/* Begin PBXProject section */
		670021171E136EE4005A1414 /* Project object */ = {
			isa = PBXProject;
			attributes = {
				LastSwiftUpdateCheck = 0800;
				LastUpgradeCheck = 0800;
				ORGANIZATIONNAME = NguyenHung;
				TargetAttributes = {
					6700211E1E136EE4005A1414 = {
						CreatedOnToolsVersion = 8.0;
						ProvisioningStyle = Automatic;
					};
					670021351E136EE4005A1414 = {
						CreatedOnToolsVersion = 8.0;
						ProvisioningStyle = Automatic;
						TestTargetID = 6700211E1E136EE4005A1414;
					};
					670021401E136EE4005A1414 = {
						CreatedOnToolsVersion = 8.0;
						ProvisioningStyle = Automatic;
						TestTargetID = 6700211E1E136EE4005A1414;
					};
				};
			};
			buildConfigurationList = 6700211A1E136EE4005A1414 /* Build configuration list for PBXProject "GreatAccountLol" */;
			compatibilityVersion = "Xcode 3.2";
			developmentRegion = English;
			hasScannedForEncodings = 0;
			knownRegions = (
				en,
				Base,
			);
			mainGroup = 670021161E136EE4005A1414;
			productRefGroup = 670021201E136EE4005A1414 /* Products */;
			projectDirPath = "";
			projectRoot = "";
			targets = (
				6700211E1E136EE4005A1414 /* GreatAccountLol */,
				670021351E136EE4005A1414 /* GreatAccountLolTests */,
				670021401E136EE4005A1414 /* GreatAccountLolUITests */,
			);
		};
/* End PBXProject section */

/* Begin PBXResourcesBuildPhase section */
		6700211D1E136EE4005A1414 /* Resources */ = {
			isa = PBXResourcesBuildPhase;
			buildActionMask = 2147483647;
			files = (
				670021301E136EE4005A1414 /* LaunchScreen.storyboard in Resources */,
				6700212D1E136EE4005A1414 /* Assets.xcassets in Resources */,
				670021281E136EE4005A1414 /* Main.storyboard in Resources */,
			);
			runOnlyForDeploymentPostprocessing = 0;
		};
		670021341E136EE4005A1414 /* Resources */ = {
			isa = PBXResourcesBuildPhase;
			buildActionMask = 2147483647;
			files = (
			);
			runOnlyForDeploymentPostprocessing = 0;
		};
		6700213F1E136EE4005A1414 /* Resources */ = {
			isa = PBXResourcesBuildPhase;
			buildActionMask = 2147483647;
			files = (
			);
			runOnlyForDeploymentPostprocessing = 0;
		};
/* End PBXResourcesBuildPhase section */

/* Begin PBXSourcesBuildPhase section */
		6700211B1E136EE4005A1414 /* Sources */ = {
			isa = PBXSourcesBuildPhase;
			buildActionMask = 2147483647;
			files = (
				670021251E136EE4005A1414 /* ViewController.swift in Sources */,
				6700212B1E136EE4005A1414 /* GreatAccountLol.xcdatamodeld in Sources */,
				670021231E136EE4005A1414 /* AppDelegate.swift in Sources */,
			);
			runOnlyForDeploymentPostprocessing = 0;
		};
		670021321E136EE4005A1414 /* Sources */ = {
			isa = PBXSourcesBuildPhase;
			buildActionMask = 2147483647;
			files = (
				6700213B1E136EE4005A1414 /* GreatAccountLolTests.swift in Sources */,
			);
			runOnlyForDeploymentPostprocessing = 0;
		};
		6700213D1E136EE4005A1414 /* Sources */ = {
			isa = PBXSourcesBuildPhase;
			buildActionMask = 2147483647;
			files = (
				670021461E136EE4005A1414 /* GreatAccountLolUITests.swift in Sources */,
			);
			runOnlyForDeploymentPostprocessing = 0;
		};
/* End PBXSourcesBuildPhase section */

/* Begin PBXTargetDependency section */
		670021381E136EE4005A1414 /* PBXTargetDependency */ = {
			isa = PBXTargetDependency;
			target = 6700211E1E136EE4005A1414 /* GreatAccountLol */;
			targetProxy = 670021371E136EE4005A1414 /* PBXContainerItemProxy */;
		};
		670021431E136EE4005A1414 /* PBXTargetDependency */ = {
			isa = PBXTargetDependency;
			target = 6700211E1E136EE4005A1414 /* GreatAccountLol */;
			targetProxy = 670021421E136EE4005A1414 /* PBXContainerItemProxy */;
		};
/* End PBXTargetDependency section */

/* Begin PBXVariantGroup section */
		670021261E136EE4005A1414 /* Main.storyboard */ = {
			isa = PBXVariantGroup;
			children = (
				670021271E136EE4005A1414 /* Base */,
			);
			name = Main.storyboard;
			sourceTree = "<group>";
		};
		6700212E1E136EE4005A1414 /* LaunchScreen.storyboard */ = {
			isa = PBXVariantGroup;
			children = (
				6700212F1E136EE4005A1414 /* Base */,
			);
			name = LaunchScreen.storyboard;
			sourceTree = "<group>";
		};
/* End PBXVariantGroup section */

/* Begin XCBuildConfiguration section */
		670021481E136EE4005A1414 /* Debug */ = {
			isa = XCBuildConfiguration;
			buildSettings = {
				ALWAYS_SEARCH_USER_PATHS = NO;
				CLANG_ANALYZER_NONNULL = YES;
				CLANG_CXX_LANGUAGE_STANDARD = "gnu++0x";
				CLANG_CXX_LIBRARY = "libc++";
				CLANG_ENABLE_MODULES = YES;
				CLANG_ENABLE_OBJC_ARC = YES;
				CLANG_WARN_BOOL_CONVERSION = YES;
				CLANG_WARN_CONSTANT_CONVERSION = YES;
				CLANG_WARN_DIRECT_OBJC_ISA_USAGE = YES_ERROR;
				CLANG_WARN_DOCUMENTATION_COMMENTS = YES;
				CLANG_WARN_EMPTY_BODY = YES;
				CLANG_WARN_ENUM_CONVERSION = YES;
				CLANG_WARN_INFINITE_RECURSION = YES;
				CLANG_WARN_INT_CONVERSION = YES;
				CLANG_WARN_OBJC_ROOT_CLASS = YES_ERROR;
				CLANG_WARN_SUSPICIOUS_MOVES = YES;
				CLANG_WARN_UNREACHABLE_CODE = YES;
				CLANG_WARN__DUPLICATE_METHOD_MATCH = YES;
				"CODE_SIGN_IDENTITY[sdk=iphoneos*]" = "iPhone Developer";
				COPY_PHASE_STRIP = NO;
				DEBUG_INFORMATION_FORMAT = dwarf;
				ENABLE_STRICT_OBJC_MSGSEND = YES;
				ENABLE_TESTABILITY = YES;
				GCC_C_LANGUAGE_STANDARD = gnu99;
				GCC_DYNAMIC_NO_PIC = NO;
				GCC_NO_COMMON_BLOCKS = YES;
				GCC_OPTIMIZATION_LEVEL = 0;
				GCC_PREPROCESSOR_DEFINITIONS = (
					"DEBUG=1",
					"$(inherited)",
				);
				GCC_WARN_64_TO_32_BIT_CONVERSION = YES;
				GCC_WARN_ABOUT_RETURN_TYPE = YES_ERROR;
				GCC_WARN_UNDECLARED_SELECTOR = YES;
				GCC_WARN_UNINITIALIZED_AUTOS = YES_AGGRESSIVE;
				GCC_WARN_UNUSED_FUNCTION = YES;
				GCC_WARN_UNUSED_VARIABLE = YES;
				IPHONEOS_DEPLOYMENT_TARGET = 10.0;
				MTL_ENABLE_DEBUG_INFO = YES;
				ONLY_ACTIVE_ARCH = YES;
				SDKROOT = iphoneos;
				SWIFT_ACTIVE_COMPILATION_CONDITIONS = DEBUG;
				SWIFT_OPTIMIZATION_LEVEL = "-Onone";
				TARGETED_DEVICE_FAMILY = "1,2";
			};
			name = Debug;
		};
		670021491E136EE4005A1414 /* Release */ = {
			isa = XCBuildConfiguration;
			buildSettings = {
				ALWAYS_SEARCH_USER_PATHS = NO;
				CLANG_ANALYZER_NONNULL = YES;
				CLANG_CXX_LANGUAGE_STANDARD = "gnu++0x";
				CLANG_CXX_LIBRARY = "libc++";
				CLANG_ENABLE_MODULES = YES;
				CLANG_ENABLE_OBJC_ARC = YES;
				CLANG_WARN_BOOL_CONVERSION = YES;
				CLANG_WARN_CONSTANT_CONVERSION = YES;
				CLANG_WARN_DIRECT_OBJC_ISA_USAGE = YES_ERROR;
				CLANG_WARN_DOCUMENTATION_COMMENTS = YES;
				CLANG_WARN_EMPTY_BODY = YES;
				CLANG_WARN_ENUM_CONVERSION = YES;
				CLANG_WARN_INFINITE_RECURSION = YES;
				CLANG_WARN_INT_CONVERSION = YES;
				CLANG_WARN_OBJC_ROOT_CLASS = YES_ERROR;
				CLANG_WARN_SUSPICIOUS_MOVES = YES;
				CLANG_WARN_UNREACHABLE_CODE = YES;
				CLANG_WARN__DUPLICATE_METHOD_MATCH = YES;
				"CODE_SIGN_IDENTITY[sdk=iphoneos*]" = "iPhone Developer";
				COPY_PHASE_STRIP = NO;
				DEBUG_INFORMATION_FORMAT = "dwarf-with-dsym";
				ENABLE_NS_ASSERTIONS = NO;
				ENABLE_STRICT_OBJC_MSGSEND = YES;
				GCC_C_LANGUAGE_STANDARD = gnu99;
				GCC_NO_COMMON_BLOCKS = YES;
				GCC_WARN_64_TO_32_BIT_CONVERSION = YES;
				GCC_WARN_ABOUT_RETURN_TYPE = YES_ERROR;
				GCC_WARN_UNDECLARED_SELECTOR = YES;
				GCC_WARN_UNINITIALIZED_AUTOS = YES_AGGRESSIVE;
				GCC_WARN_UNUSED_FUNCTION = YES;
				GCC_WARN_UNUSED_VARIABLE = YES;
				IPHONEOS_DEPLOYMENT_TARGET = 10.0;
				MTL_ENABLE_DEBUG_INFO = NO;
				SDKROOT = iphoneos;
				SWIFT_OPTIMIZATION_LEVEL = "-Owholemodule";
				TARGETED_DEVICE_FAMILY = "1,2";
				VALIDATE_PRODUCT = YES;
			};
			name = Release;
		};
		6700214B1E136EE4005A1414 /* Debug */ = {
			isa = XCBuildConfiguration;
			buildSettings = {
				ASSETCATALOG_COMPILER_APPICON_NAME = AppIcon;
				INFOPLIST_FILE = GreatAccountLol/Info.plist;
				LD_RUNPATH_SEARCH_PATHS = "$(inherited) @executable_path/Frameworks";
				PRODUCT_BUNDLE_IDENTIFIER = com.GreatAccountLol;
				PRODUCT_NAME = "$(TARGET_NAME)";
				SWIFT_VERSION = 3.0;
			};
			name = Debug;
		};
		6700214C1E136EE4005A1414 /* Release */ = {
			isa = XCBuildConfiguration;
			buildSettings = {
				ASSETCATALOG_COMPILER_APPICON_NAME = AppIcon;
				INFOPLIST_FILE = GreatAccountLol/Info.plist;
				LD_RUNPATH_SEARCH_PATHS = "$(inherited) @executable_path/Frameworks";
				PRODUCT_BUNDLE_IDENTIFIER = com.GreatAccountLol;
				PRODUCT_NAME = "$(TARGET_NAME)";
				SWIFT_VERSION = 3.0;
			};
			name = Release;
		};
		6700214E1E136EE4005A1414 /* Debug */ = {
			isa = XCBuildConfiguration;
			buildSettings = {
				ALWAYS_EMBED_SWIFT_STANDARD_LIBRARIES = YES;
				BUNDLE_LOADER = "$(TEST_HOST)";
				INFOPLIST_FILE = GreatAccountLolTests/Info.plist;
				LD_RUNPATH_SEARCH_PATHS = "$(inherited) @executable_path/Frameworks @loader_path/Frameworks";
				PRODUCT_BUNDLE_IDENTIFIER = com.GreatAccountLolTests;
				PRODUCT_NAME = "$(TARGET_NAME)";
				SWIFT_VERSION = 3.0;
				TEST_HOST = "$(BUILT_PRODUCTS_DIR)/GreatAccountLol.app/GreatAccountLol";
			};
			name = Debug;
		};
		6700214F1E136EE4005A1414 /* Release */ = {
			isa = XCBuildConfiguration;
			buildSettings = {
				ALWAYS_EMBED_SWIFT_STANDARD_LIBRARIES = YES;
				BUNDLE_LOADER = "$(TEST_HOST)";
				INFOPLIST_FILE = GreatAccountLolTests/Info.plist;
				LD_RUNPATH_SEARCH_PATHS = "$(inherited) @executable_path/Frameworks @loader_path/Frameworks";
				PRODUCT_BUNDLE_IDENTIFIER = com.GreatAccountLolTests;
				PRODUCT_NAME = "$(TARGET_NAME)";
				SWIFT_VERSION = 3.0;
				TEST_HOST = "$(BUILT_PRODUCTS_DIR)/GreatAccountLol.app/GreatAccountLol";
			};
			name = Release;
		};
		670021511E136EE4005A1414 /* Debug */ = {
			isa = XCBuildConfiguration;
			buildSettings = {
				ALWAYS_EMBED_SWIFT_STANDARD_LIBRARIES = YES;
				INFOPLIST_FILE = GreatAccountLolUITests/Info.plist;
				LD_RUNPATH_SEARCH_PATHS = "$(inherited) @executable_path/Frameworks @loader_path/Frameworks";
				PRODUCT_BUNDLE_IDENTIFIER = com.GreatAccountLolUITests;
				PRODUCT_NAME = "$(TARGET_NAME)";
				SWIFT_VERSION = 3.0;
				TEST_TARGET_NAME = GreatAccountLol;
			};
			name = Debug;
		};
		670021521E136EE4005A1414 /* Release */ = {
			isa = XCBuildConfiguration;
			buildSettings = {
				ALWAYS_EMBED_SWIFT_STANDARD_LIBRARIES = YES;
				INFOPLIST_FILE = GreatAccountLolUITests/Info.plist;
				LD_RUNPATH_SEARCH_PATHS = "$(inherited) @executable_path/Frameworks @loader_path/Frameworks";
				PRODUCT_BUNDLE_IDENTIFIER = com.GreatAccountLolUITests;
				PRODUCT_NAME = "$(TARGET_NAME)";
				SWIFT_VERSION = 3.0;
				TEST_TARGET_NAME = GreatAccountLol;
			};
			name = Release;
		};
/* End XCBuildConfiguration section */

/* Begin XCConfigurationList section */
		6700211A1E136EE4005A1414 /* Build configuration list for PBXProject "GreatAccountLol" */ = {
			isa = XCConfigurationList;
			buildConfigurations = (
				670021481E136EE4005A1414 /* Debug */,
				670021491E136EE4005A1414 /* Release */,
			);
			defaultConfigurationIsVisible = 0;
			defaultConfigurationName = Release;
		};
		6700214A1E136EE4005A1414 /* Build configuration list for PBXNativeTarget "GreatAccountLol" */ = {
			isa = XCConfigurationList;
			buildConfigurations = (
				6700214B1E136EE4005A1414 /* Debug */,
				6700214C1E136EE4005A1414 /* Release */,
			);
			defaultConfigurationIsVisible = 0;
		};
		6700214D1E136EE4005A1414 /* Build configuration list for PBXNativeTarget "GreatAccountLolTests" */ = {
			isa = XCConfigurationList;
			buildConfigurations = (
				6700214E1E136EE4005A1414 /* Debug */,
				6700214F1E136EE4005A1414 /* Release */,
			);
			defaultConfigurationIsVisible = 0;
		};
		670021501E136EE4005A1414 /* Build configuration list for PBXNativeTarget "GreatAccountLolUITests" */ = {
			isa = XCConfigurationList;
			buildConfigurations = (
				670021511E136EE4005A1414 /* Debug */,
				670021521E136EE4005A1414 /* Release */,
			);
			defaultConfigurationIsVisible = 0;
		};
/* End XCConfigurationList section */

/* Begin XCVersionGroup section */
		670021291E136EE4005A1414 /* GreatAccountLol.xcdatamodeld */ = {
			isa = XCVersionGroup;
			children = (
				6700212A1E136EE4005A1414 /* GreatAccountLol.xcdatamodel */,
			);
			currentVersion = 6700212A1E136EE4005A1414 /* GreatAccountLol.xcdatamodel */;
			path = GreatAccountLol.xcdatamodeld;
			sourceTree = "<group>";
			versionGroupType = wrapper.xcdatamodel;
		};
/* End XCVersionGroup section */
	};
	rootObject = 670021171E136EE4005A1414 /* Project object */;
}
